
Microsoft Visual Studio Solution File, Format Version 12.00
# Visual Studio Version 16
VisualStudioVersion = 16.0.30907.101
MinimumVisualStudioVersion = 10.0.40219.1
Project("{FAE04EC0-301F-11D3-BF4B-00C04F79EFBC}") = "DataAccess", "DataAccess\DataAccess.csproj", "{9D8C0196-7DE0-45B8-8279-7205EFEA7A3F}"
EndProject
Project("{FAE04EC0-301F-11D3-BF4B-00C04F79EFBC}") = "Business", "Business\Business.csproj", "{82B1AE61-2BBD-4BCE-8494-26874B9F6981}"
EndProject
Project("{FAE04EC0-301F-11D3-BF4B-00C04F79EFBC}") = "Entities", "Entities\Entities.csproj", "{293590DF-B84F-4B21-84D6-2B4D00F27DE5}"
EndProject
Project("{FAE04EC0-301F-11D3-BF4B-00C04F79EFBC}") = "ConsoleUI", "ConsoleUI\ConsoleUI.csproj", "{38B9D03D-DA89-4CB5-8E67-E783EA1280E9}"
EndProject
Project("{FAE04EC0-301F-11D3-BF4B-00C04F79EFBC}") = "Core", "Core\Core.csproj", "{EB18110C-0E56-4FBC-BA04-F0278564E936}"
EndProject
Global
	GlobalSection(SolutionConfigurationPlatforms) = preSolution
		Debug|Any CPU = Debug|Any CPU
		Release|Any CPU = Release|Any CPU
	EndGlobalSection
	GlobalSection(ProjectConfigurationPlatforms) = postSolution
		{9D8C0196-7DE0-45B8-8279-7205EFEA7A3F}.Debug|Any CPU.ActiveCfg = Debug|Any CPU
		{9D8C0196-7DE0-45B8-8279-7205EFEA7A3F}.Debug|Any CPU.Build.0 = Debug|Any CPU
		{9D8C0196-7DE0-45B8-8279-7205EFEA7A3F}.Release|Any CPU.ActiveCfg = Release|Any CPU
		{9D8C0196-7DE0-45B8-8279-7205EFEA7A3F}.Release|Any CPU.Build.0 = Release|Any CPU
		{82B1AE61-2BBD-4BCE-8494-26874B9F6981}.Debug|Any CPU.ActiveCfg = Debug|Any CPU
		{82B1AE61-2BBD-4BCE-8494-26874B9F6981}.Debug|Any CPU.Build.0 = Debug|Any CPU
		{82B1AE61-2BBD-4BCE-8494-26874B9F6981}.Release|Any CPU.ActiveCfg = Release|Any CPU
		{82B1AE61-2BBD-4BCE-8494-26874B9F6981}.Release|Any CPU.Build.0 = Release|Any CPU
		{293590DF-B84F-4B21-84D6-2B4D00F27DE5}.Debug|Any CPU.ActiveCfg = Debug|Any CPU
		{293590DF-B84F-4B21-84D6-2B4D00F27DE5}.Debug|Any CPU.Build.0 = Debug|Any CPU
		{293590DF-B84F-4B21-84D6-2B4D00F27DE5}.Release|Any CPU.ActiveCfg = Release|Any CPU
		{293590DF-B84F-4B21-84D6-2B4D00F27DE5}.Release|Any CPU.Build.0 = Release|Any CPU
		{38B9D03D-DA89-4CB5-8E67-E783EA1280E9}.Debug|Any CPU.ActiveCfg = Debug|Any CPU
		{38B9D03D-DA89-4CB5-8E67-E783EA1280E9}.Debug|Any CPU.Build.0 = Debug|Any CPU
		{38B9D03D-DA89-4CB5-8E67-E783EA1280E9}.Release|Any CPU.ActiveCfg = Release|Any CPU
		{38B9D03D-DA89-4CB5-8E67-E783EA1280E9}.Release|Any CPU.Build.0 = Release|Any CPU
		{EB18110C-0E56-4FBC-BA04-F0278564E936}.Debug|Any CPU.ActiveCfg = Debug|Any CPU
		{EB18110C-0E56-4FBC-BA04-F0278564E936}.Debug|Any CPU.Build.0 = Debug|Any CPU
		{EB18110C-0E56-4FBC-BA04-F0278564E936}.Release|Any CPU.ActiveCfg = Release|Any CPU
		{EB18110C-0E56-4FBC-BA04-F0278564E936}.Release|Any CPU.Build.0 = Release|Any CPU
	EndGlobalSection
	GlobalSection(SolutionProperties) = preSolution
		HideSolutionNode = FALSE
	EndGlobalSection
	GlobalSection(ExtensibilityGlobals) = postSolution
		SolutionGuid = {36A07884-ACB5-4C42-AC00-CDDEBFC3A919}
	EndGlobalSection
EndGlobal
